
Microsoft Visual Studio Solution File, Format Version 12.00
Project("{FAE04EC0-301F-11D3-BF4B-00C04F79EFBC}") = "Task1", "Task1\Task1.csproj", "{2E21ABFF-EA39-42E8-BDE4-2B8320100B3B}"
EndProject
Project("{FAE04EC0-301F-11D3-BF4B-00C04F79EFBC}") = "MatrixVectorLib", "MatrixVectorLib\MatrixVectorLib.csproj", "{27D0A87E-CA6D-403E-B62E-91F7CBBFEAAF}"
EndProject
Project("{FAE04EC0-301F-11D3-BF4B-00C04F79EFBC}") = "FileUtilsLib", "FileUtilsLib\FileUtilsLib.csproj", "{9D4107A2-1549-4F53-A77C-DC7451C49AB1}"
EndProject
Project("{FAE04EC0-301F-11D3-BF4B-00C04F79EFBC}") = "Task2", "Task2\Task2.csproj", "{D9165776-97CF-4EE6-9E7A-9D61B520B582}"
EndProject
Project("{FAE04EC0-301F-11D3-BF4B-00C04F79EFBC}") = "Figures", "Figures\Figures.csproj", "{27724194-7AB0-492E-A1F4-23ECF6432746}"
EndProject
Project("{FAE04EC0-301F-11D3-BF4B-00C04F79EFBC}") = "Task3", "Task3\Task3.csproj", "{CC839C6B-C153-46AB-8A6A-299CB927BC45}"
EndProject
Project("{FAE04EC0-301F-11D3-BF4B-00C04F79EFBC}") = "SportAthlets", "SportAthlets\SportAthlets.csproj", "{CB08065B-960F-4282-BBF6-50BADEEC0847}"
EndProject
Project("{FAE04EC0-301F-11D3-BF4B-00C04F79EFBC}") = "Task4", "Task4\Task4.csproj", "{9F721105-56D7-4ADE-A17C-D64DC4A8C9F9}"
EndProject
Project("{2150E333-8FDC-42A3-9474-1A3956D46DE8}") = "Task2", "Task2", "{69D16E50-8334-4A91-A464-C6C0ED914211}"
EndProject
Project("{2150E333-8FDC-42A3-9474-1A3956D46DE8}") = "Task3", "Task3", "{9DC8C3BD-A3D1-4149-A1C4-A18E12A0F050}"
EndProject
Project("{2150E333-8FDC-42A3-9474-1A3956D46DE8}") = "Task4", "Task4", "{492597F4-DCBF-488F-8BE9-00E50194F6BB}"
EndProject
Project("{2150E333-8FDC-42A3-9474-1A3956D46DE8}") = "Task1", "Task1", "{0315EB91-CD31-4600-9F18-23441352FD9B}"
EndProject
Project("{2150E333-8FDC-42A3-9474-1A3956D46DE8}") = "Task6", "Task6", "{C4CD6EBA-EF9C-4BFF-91AD-8ACD63E92C57}"
EndProject
Project("{FAE04EC0-301F-11D3-BF4B-00C04F79EFBC}") = "FurnitureLib", "Task5\FurnitureLib\FurnitureLib.csproj", "{9DB5ECAE-01E9-4716-836B-543D1FA0113B}"
EndProject
Project("{FAE04EC0-301F-11D3-BF4B-00C04F79EFBC}") = "Task5", "Task5\Task5\Task5.csproj", "{EF55A64F-6880-423F-B230-D4BD9A293600}"
EndProject
Project("{FAE04EC0-301F-11D3-BF4B-00C04F79EFBC}") = "BinFileGenerator", "Task2\BinFileGenerator\BinFileGenerator.csproj", "{F9C4CDB0-1420-45C0-B410-84E540233B0A}"
EndProject
Global
	GlobalSection(SolutionConfigurationPlatforms) = preSolution
		Debug|Any CPU = Debug|Any CPU
		Release|Any CPU = Release|Any CPU
	EndGlobalSection
	GlobalSection(ProjectConfigurationPlatforms) = postSolution
		{2E21ABFF-EA39-42E8-BDE4-2B8320100B3B}.Debug|Any CPU.ActiveCfg = Debug|Any CPU
		{2E21ABFF-EA39-42E8-BDE4-2B8320100B3B}.Debug|Any CPU.Build.0 = Debug|Any CPU
		{2E21ABFF-EA39-42E8-BDE4-2B8320100B3B}.Release|Any CPU.ActiveCfg = Release|Any CPU
		{2E21ABFF-EA39-42E8-BDE4-2B8320100B3B}.Release|Any CPU.Build.0 = Release|Any CPU
		{27D0A87E-CA6D-403E-B62E-91F7CBBFEAAF}.Debug|Any CPU.ActiveCfg = Debug|Any CPU
		{27D0A87E-CA6D-403E-B62E-91F7CBBFEAAF}.Debug|Any CPU.Build.0 = Debug|Any CPU
		{27D0A87E-CA6D-403E-B62E-91F7CBBFEAAF}.Release|Any CPU.ActiveCfg = Release|Any CPU
		{27D0A87E-CA6D-403E-B62E-91F7CBBFEAAF}.Release|Any CPU.Build.0 = Release|Any CPU
		{9D4107A2-1549-4F53-A77C-DC7451C49AB1}.Debug|Any CPU.ActiveCfg = Debug|Any CPU
		{9D4107A2-1549-4F53-A77C-DC7451C49AB1}.Debug|Any CPU.Build.0 = Debug|Any CPU
		{9D4107A2-1549-4F53-A77C-DC7451C49AB1}.Release|Any CPU.ActiveCfg = Release|Any CPU
		{9D4107A2-1549-4F53-A77C-DC7451C49AB1}.Release|Any CPU.Build.0 = Release|Any CPU
		{D9165776-97CF-4EE6-9E7A-9D61B520B582}.Debug|Any CPU.ActiveCfg = Debug|Any CPU
		{D9165776-97CF-4EE6-9E7A-9D61B520B582}.Debug|Any CPU.Build.0 = Debug|Any CPU
		{D9165776-97CF-4EE6-9E7A-9D61B520B582}.Release|Any CPU.ActiveCfg = Release|Any CPU
		{D9165776-97CF-4EE6-9E7A-9D61B520B582}.Release|Any CPU.Build.0 = Release|Any CPU
		{27724194-7AB0-492E-A1F4-23ECF6432746}.Debug|Any CPU.ActiveCfg = Debug|Any CPU
		{27724194-7AB0-492E-A1F4-23ECF6432746}.Debug|Any CPU.Build.0 = Debug|Any CPU
		{27724194-7AB0-492E-A1F4-23ECF6432746}.Release|Any CPU.ActiveCfg = Release|Any CPU
		{27724194-7AB0-492E-A1F4-23ECF6432746}.Release|Any CPU.Build.0 = Release|Any CPU
		{CC839C6B-C153-46AB-8A6A-299CB927BC45}.Debug|Any CPU.ActiveCfg = Debug|Any CPU
		{CC839C6B-C153-46AB-8A6A-299CB927BC45}.Debug|Any CPU.Build.0 = Debug|Any CPU
		{CC839C6B-C153-46AB-8A6A-299CB927BC45}.Release|Any CPU.ActiveCfg = Release|Any CPU
		{CC839C6B-C153-46AB-8A6A-299CB927BC45}.Release|Any CPU.Build.0 = Release|Any CPU
		{CB08065B-960F-4282-BBF6-50BADEEC0847}.Debug|Any CPU.ActiveCfg = Debug|Any CPU
		{CB08065B-960F-4282-BBF6-50BADEEC0847}.Debug|Any CPU.Build.0 = Debug|Any CPU
		{CB08065B-960F-4282-BBF6-50BADEEC0847}.Release|Any CPU.ActiveCfg = Release|Any CPU
		{CB08065B-960F-4282-BBF6-50BADEEC0847}.Release|Any CPU.Build.0 = Release|Any CPU
		{9F721105-56D7-4ADE-A17C-D64DC4A8C9F9}.Debug|Any CPU.ActiveCfg = Debug|Any CPU
		{9F721105-56D7-4ADE-A17C-D64DC4A8C9F9}.Debug|Any CPU.Build.0 = Debug|Any CPU
		{9F721105-56D7-4ADE-A17C-D64DC4A8C9F9}.Release|Any CPU.ActiveCfg = Release|Any CPU
		{9F721105-56D7-4ADE-A17C-D64DC4A8C9F9}.Release|Any CPU.Build.0 = Release|Any CPU
		{9DB5ECAE-01E9-4716-836B-543D1FA0113B}.Debug|Any CPU.ActiveCfg = Debug|Any CPU
		{9DB5ECAE-01E9-4716-836B-543D1FA0113B}.Debug|Any CPU.Build.0 = Debug|Any CPU
		{9DB5ECAE-01E9-4716-836B-543D1FA0113B}.Release|Any CPU.ActiveCfg = Release|Any CPU
		{9DB5ECAE-01E9-4716-836B-543D1FA0113B}.Release|Any CPU.Build.0 = Release|Any CPU
		{EF55A64F-6880-423F-B230-D4BD9A293600}.Debug|Any CPU.ActiveCfg = Debug|Any CPU
		{EF55A64F-6880-423F-B230-D4BD9A293600}.Debug|Any CPU.Build.0 = Debug|Any CPU
		{EF55A64F-6880-423F-B230-D4BD9A293600}.Release|Any CPU.ActiveCfg = Release|Any CPU
		{EF55A64F-6880-423F-B230-D4BD9A293600}.Release|Any CPU.Build.0 = Release|Any CPU
		{F9C4CDB0-1420-45C0-B410-84E540233B0A}.Debug|Any CPU.ActiveCfg = Debug|Any CPU
		{F9C4CDB0-1420-45C0-B410-84E540233B0A}.Debug|Any CPU.Build.0 = Debug|Any CPU
		{F9C4CDB0-1420-45C0-B410-84E540233B0A}.Release|Any CPU.ActiveCfg = Release|Any CPU
		{F9C4CDB0-1420-45C0-B410-84E540233B0A}.Release|Any CPU.Build.0 = Release|Any CPU
	EndGlobalSection
	GlobalSection(NestedProjects) = preSolution
		{D9165776-97CF-4EE6-9E7A-9D61B520B582} = {69D16E50-8334-4A91-A464-C6C0ED914211}
		{9D4107A2-1549-4F53-A77C-DC7451C49AB1} = {69D16E50-8334-4A91-A464-C6C0ED914211}
		{CC839C6B-C153-46AB-8A6A-299CB927BC45} = {9DC8C3BD-A3D1-4149-A1C4-A18E12A0F050}
		{27724194-7AB0-492E-A1F4-23ECF6432746} = {9DC8C3BD-A3D1-4149-A1C4-A18E12A0F050}
		{CB08065B-960F-4282-BBF6-50BADEEC0847} = {492597F4-DCBF-488F-8BE9-00E50194F6BB}
		{9F721105-56D7-4ADE-A17C-D64DC4A8C9F9} = {492597F4-DCBF-488F-8BE9-00E50194F6BB}
		{27D0A87E-CA6D-403E-B62E-91F7CBBFEAAF} = {0315EB91-CD31-4600-9F18-23441352FD9B}
		{2E21ABFF-EA39-42E8-BDE4-2B8320100B3B} = {0315EB91-CD31-4600-9F18-23441352FD9B}
		{9DB5ECAE-01E9-4716-836B-543D1FA0113B} = {C4CD6EBA-EF9C-4BFF-91AD-8ACD63E92C57}
		{EF55A64F-6880-423F-B230-D4BD9A293600} = {C4CD6EBA-EF9C-4BFF-91AD-8ACD63E92C57}
		{F9C4CDB0-1420-45C0-B410-84E540233B0A} = {69D16E50-8334-4A91-A464-C6C0ED914211}
	EndGlobalSection
EndGlobal
